// !$*UTF8*$!
{
	archiveVersion = 1;
	classes = {
	};
	objectVersion = 56;
	objects = {

/* Begin PBXBuildFile section */
		1A000001294A0000001234567 /* SamApp.swift in Sources */ = {isa = PBXBuildFile; fileRef = 1A000000294A0000001234567 /* SamApp.swift */; };
		1A000003294A0000001234567 /* ContentView.swift in Sources */ = {isa = PBXBuildFile; fileRef = 1A000002294A0000001234567 /* ContentView.swift */; };
		1A000005294A0000001234567 /* Assets.xcassets in Resources */ = {isa = PBXBuildFile; fileRef = 1A000004294A0000001234567 /* Assets.xcassets */; };
		1A000008294A0000001234567 /* Preview Assets.xcassets in Resources */ = {isa = PBXBuildFile; fileRef = 1A000007294A0000001234567 /* Preview Assets.xcassets */; };
		1A000010294A0000001234567 /* ChatManager.swift in Sources */ = {isa = PBXBuildFile; fileRef = 1A00000F294A0000001234567 /* ChatManager.swift */; };
		1A000012294A0000001234567 /* TaskManager.swift in Sources */ = {isa = PBXBuildFile; fileRef = 1A000011294A0000001234567 /* TaskManager.swift */; };
		1A000014294A0000001234567 /* ContextManager.swift in Sources */ = {isa = PBXBuildFile; fileRef = 1A000013294A0000001234567 /* ContextManager.swift */; };
		1A000016294A0000001234567 /* WorkflowManager.swift in Sources */ = {isa = PBXBuildFile; fileRef = 1A000015294A0000001234567 /* WorkflowManager.swift */; };
		1A000018294A0000001234567 /* ChatModels.swift in Sources */ = {isa = PBXBuildFile; fileRef = 1A000017294A0000001234567 /* ChatModels.swift */; };
		1A00001A294A0000001234567 /* TaskModels.swift in Sources */ = {isa = PBXBuildFile; fileRef = 1A000019294A0000001234567 /* TaskModels.swift */; };
		1A00001C294A0000001234567 /* UserModels.swift in Sources */ = {isa = PBXBuildFile; fileRef = 1A00001B294A0000001234567 /* UserModels.swift */; };
		1A00001E294A0000001234567 /* Constants.swift in Sources */ = {isa = PBXBuildFile; fileRef = 1A00001D294A0000001234567 /* Constants.swift */; };
		1A000020294A0000001234567 /* Helpers.swift in Sources */ = {isa = PBXBuildFile; fileRef = 1A00001F294A0000001234567 /* Helpers.swift */; };
/* End PBXBuildFile section */

/* Begin PBXFileReference section */
		1A000000294A0000001234567 /* SamApp.swift */ = {isa = PBXFileReference; lastKnownFileType = sourcecode.swift; path = SamApp.swift; sourceTree = "<group>"; };
		1A000002294A0000001234567 /* ContentView.swift */ = {isa = PBXFileReference; lastKnownFileType = sourcecode.swift; path = ContentView.swift; sourceTree = "<group>"; };
		1A000004294A0000001234567 /* Assets.xcassets */ = {isa = PBXFileReference; lastKnownFileType = folder.assetcatalog; path = Assets.xcassets; sourceTree = "<group>"; };
		1A000007294A0000001234567 /* Preview Assets.xcassets */ = {isa = PBXFileReference; lastKnownFileType = folder.assetcatalog; path = "Preview Assets.xcassets"; sourceTree = "<group>"; };
		1A00000F294A0000001234567 /* ChatManager.swift */ = {isa = PBXFileReference; lastKnownFileType = sourcecode.swift; path = ChatManager.swift; sourceTree = "<group>"; };
		1A000011294A0000001234567 /* TaskManager.swift */ = {isa = PBXFileReference; lastKnownFileType = sourcecode.swift; path = TaskManager.swift; sourceTree = "<group>"; };
		1A000013294A0000001234567 /* ContextManager.swift */ = {isa = PBXFileReference; lastKnownFileType = sourcecode.swift; path = ContextManager.swift; sourceTree = "<group>"; };
		1A000015294A0000001234567 /* WorkflowManager.swift */ = {isa = PBXFileReference; lastKnownFileType = sourcecode.swift; path = WorkflowManager.swift; sourceTree = "<group>"; };
		1A000017294A0000001234567 /* ChatModels.swift */ = {isa = PBXFileReference; lastKnownFileType = sourcecode.swift; path = ChatModels.swift; sourceTree = "<group>"; };
		1A000019294A0000001234567 /* TaskModels.swift */ = {isa = PBXFileReference; lastKnownFileType = sourcecode.swift; path = TaskModels.swift; sourceTree = "<group>"; };
		1A00001B294A0000001234567 /* UserModels.swift */ = {isa = PBXFileReference; lastKnownFileType = sourcecode.swift; path = UserModels.swift; sourceTree = "<group>"; };
		1A00001D294A0000001234567 /* Constants.swift */ = {isa = PBXFileReference; lastKnownFileType = sourcecode.swift; path = Constants.swift; sourceTree = "<group>"; };
		1A00001F294A0000001234567 /* Helpers.swift */ = {isa = PBXFileReference; lastKnownFileType = sourcecode.swift; path = Helpers.swift; sourceTree = "<group>"; };
		1AFFFFFF294A0000001234567 /* Sam.app */ = {isa = PBXFileReference; explicitFileType = wrapper.application; includeInIndex = 0; path = Sam.app; sourceTree = BUILT_PRODUCTS_DIR; };
		1A000021294A0000001234567 /* Info.plist */ = {isa = PBXFileReference; lastKnownFileType = text.plist.xml; path = Info.plist; sourceTree = "<group>"; };
		1A000022294A0000001234567 /* Sam.entitlements */ = {isa = PBXFileReference; lastKnownFileType = text.plist.entitlements; path = Sam.entitlements; sourceTree = "<group>"; };
/* End PBXFileReference section */

/* Begin PBXFrameworksBuildPhase section */
		1AFFFFFE294A0000001234567 /* Frameworks */ = {
			isa = PBXFrameworksBuildPhase;
			buildActionMask = 2147483647;
			files = (
			);
			runOnlyForDeploymentPostprocessing = 0;
		};
/* End PBXFrameworksBuildPhase section */

/* Begin PBXGroup section */
		1AFFFFF8294A0000001234567 = {
			isa = PBXGroup;
			children = (
				1AFFFFF9294A0000001234567 /* Sam */,
				1AFFFFFF294A0000001234567 /* Products */,
			);
			sourceTree = "<group>";
		};
		1AFFFFF9294A0000001234567 /* Sam */ = {
			isa = PBXGroup;
			children = (
				1A000021294A0000001234567 /* Info.plist */,
				1A000022294A0000001234567 /* Sam.entitlements */,
				1A000000294A0000001234567 /* SamApp.swift */,
				1A000023294A0000001234567 /* Models */,
				1A000024294A0000001234567 /* Views */,
				1A000025294A0000001234567 /* Managers */,
				1A000026294A0000001234567 /* Services */,
				1A000027294A0000001234567 /* Utils */,
				1A000028294A0000001234567 /* Resources */,
				1A000006294A0000001234567 /* Preview Content */,
			);
			path = Sam;
			sourceTree = "<group>";
		};
		1AFFFFFF294A0000001234567 /* Products */ = {
			isa = PBXGroup;
			children = (
				1AFFFFFF294A0000001234567 /* Sam.app */,
			);
			name = Products;
			sourceTree = "<group>";
		};
		1A000006294A0000001234567 /* Preview Content */ = {
			isa = PBXGroup;
			children = (
				1A000007294A0000001234567 /* Preview Assets.xcassets */,
			);
			path = "Preview Content";
			sourceTree = "<group>";
		};
		1A000023294A0000001234567 /* Models */ = {
			isa = PBXGroup;
			children = (
				1A000017294A0000001234567 /* ChatModels.swift */,
				1A000019294A0000001234567 /* TaskModels.swift */,
				1A00001B294A0000001234567 /* UserModels.swift */,
			);
			path = Models;
			sourceTree = "<group>";
		};
		1A000024294A0000001234567 /* Views */ = {
			isa = PBXGroup;
			children = (
				1A000002294A0000001234567 /* ContentView.swift */,
			);
			path = Views;
			sourceTree = "<group>";
		};
		1A000025294A0000001234567 /* Managers */ = {
			isa = PBXGroup;
			children = (
				1A00000F294A0000001234567 /* ChatManager.swift */,
				1A000011294A0000001234567 /* TaskManager.swift */,
				1A000013294A0000001234567 /* ContextManager.swift */,
				1A000015294A0000001234567 /* WorkflowManager.swift */,
			);
			path = Managers;
			sourceTree = "<group>";
		};
		1A000026294A0000001234567 /* Services */ = {
			isa = PBXGroup;
			children = (
			);
			path = Services;
			sourceTree = "<group>";
		};
		1A000027294A0000001234567 /* Utils */ = {
			isa = PBXGroup;
			children = (
				1A00001D294A0000001234567 /* Constants.swift */,
				1A00001F294A0000001234567 /* Helpers.swift */,
			);
			path = Utils;
			sourceTree = "<group>";
		};
		1A000028294A0000001234567 /* Resources */ = {
			isa = PBXGroup;
			children = (
				1A000004294A0000001234567 /* Assets.xcassets */,
			);
			path = Resources;
			sourceTree = "<group>";
		};
/* End PBXGroup section */

/* Begin PBXNativeTarget section */
		1AFFFFFE294A0000001234567 /* Sam */ = {
			isa = PBXNativeTarget;
			buildConfigurationList = 1A00000B294A0000001234567 /* Build configuration list for PBXNativeTarget "Sam" */;
			buildPhases = (
				1AFFFFFB294A0000001234567 /* Sources */,
				1AFFFFFE294A0000001234567 /* Frameworks */,
				1AFFFFFD294A0000001234567 /* Resources */,
			);
			buildRules = (
			);
			dependencies = (
			);
			name = Sam;
			productName = Sam;
			productReference = 1AFFFFFF294A0000001234567 /* Sam.app */;
			productType = "com.apple.product-type.application";
		};
/* End PBXNativeTarget section */

/* Begin PBXProject section */
		1AFFFFFA294A0000001234567 /* Project object */ = {
			isa = PBXProject;
			attributes = {
				BuildIndependentTargetsInParallel = 1;
				LastSwiftUpdateCheck = 1500;
				LastUpgradeCheck = 1500;
				TargetAttributes = {
					1AFFFFFE294A0000001234567 = {
						CreatedOnToolsVersion = 15.0;
					};
				};
			};
			buildConfigurationList = 1AFFFFFD294A0000001234567 /* Build configuration list for PBXProject "Sam" */;
			compatibilityVersion = "Xcode 14.0";
			developmentRegion = en;
			hasScannedForEncodings = 0;
			knownRegions = (
				en,
				Base,
			);
			mainGroup = 1AFFFFF8294A0000001234567;
			productRefGroup = 1AFFFFFF294A0000001234567 /* Products */;
			projectDirPath = "";
			projectRoot = "";
			targets = (
				1AFFFFFE294A0000001234567 /* Sam */,
			);
		};
/* End PBXProject section */

/* Begin PBXResourcesBuildPhase section */
		1AFFFFFD294A0000001234567 /* Resources */ = {
			isa = PBXResourcesBuildPhase;
			buildActionMask = 2147483647;
			files = (
				1A000008294A0000001234567 /* Preview Assets.xcassets in Resources */,
				1A000005294A0000001234567 /* Assets.xcassets in Resources */,
			);
			runOnlyForDeploymentPostprocessing = 0;
		};
/* End PBXResourcesBuildPhase section */

/* Begin PBXSourcesBuildPhase section */
		1AFFFFFB294A0000001234567 /* Sources */ = {
			isa = PBXSourcesBuildPhase;
			buildActionMask = 2147483647;
			files = (
				1A000003294A0000001234567 /* ContentView.swift in Sources */,
				1A000001294A0000001234567 /* SamApp.swift in Sources */,
				1A000010294A0000001234567 /* ChatManager.swift in Sources */,
				1A000012294A0000001234567 /* TaskManager.swift in Sources */,
				1A000014294A0000001234567 /* ContextManager.swift in Sources */,
				1A000016294A0000001234567 /* WorkflowManager.swift in Sources */,
				1A000018294A0000001234567 /* ChatModels.swift in Sources */,
				1A00001A294A0000001234567 /* TaskModels.swift in Sources */,
				1A00001C294A0000001234567 /* UserModels.swift in Sources */,
				1A00001E294A0000001234567 /* Constants.swift in Sources */,
				1A000020294A0000001234567 /* Helpers.swift in Sources */,
			);
			runOnlyForDeploymentPostprocessing = 0;
		};
/* End PBXSourcesBuildPhase section */

/* Begin XCBuildConfiguration section */
		1A000009294A0000001234567 /* Debug */ = {
			isa = XCBuildConfiguration;
			buildSettings = {
				ALWAYS_SEARCH_USER_PATHS = NO;
				ASSETCATALOG_COMPILER_GENERATE_SWIFT_ASSET_SYMBOL_EXTENSIONS = YES;
				CLANG_ANALYZER_NONNULL = YES;
				CLANG_ANALYZER_NUMBER_OBJECT_CONVERSION = YES_AGGRESSIVE;
				CLANG_CXX_LANGUAGE_STANDARD = "gnu++20";
				CLANG_ENABLE_MODULES = YES;
				CLANG_ENABLE_OBJC_ARC = YES;
				CLANG_ENABLE_OBJC_WEAK = YES;
				CLANG_WARN_BLOCK_CAPTURE_AUTORELEASING = YES;
				CLANG_WARN_BOOL_CONVERSION = YES;
				CLANG_WARN_COMMA = YES;
				CLANG_WARN_CONSTANT_CONVERSION = YES;
				CLANG_WARN_DEPRECATED_OBJC_IMPLEMENTATIONS = YES;
				CLANG_WARN_DIRECT_OBJC_ISA_USAGE = YES_ERROR;
				CLANG_WARN_DOCUMENTATION_COMMENTS = YES;
				CLANG_WARN_EMPTY_BODY = YES;
				CLANG_WARN_ENUM_CONVERSION = YES;
				CLANG_WARN_INFINITE_RECURSION = YES;
				CLANG_WARN_INT_CONVERSION = YES;
				CLANG_WARN_NON_LITERAL_NULL_CONVERSION = YES;
				CLANG_WARN_OBJC_IMPLICIT_RETAIN_SELF = YES;
				CLANG_WARN_OBJC_LITERAL_CONVERSION = YES;
				CLANG_WARN_OBJC_ROOT_CLASS = YES_ERROR;
				CLANG_WARN_QUOTED_INCLUDE_IN_FRAMEWORK_HEADER = YES;
				CLANG_WARN_RANGE_LOOP_ANALYSIS = YES;
				CLANG_WARN_STRICT_PROTOTYPES = YES;
				CLANG_WARN_SUSPICIOUS_MOVE = YES;
				CLANG_WARN_UNGUARDED_AVAILABILITY = YES_AGGRESSIVE;
				CLANG_WARN_UNREACHABLE_CODE = YES;
				CLANG_WARN__DUPLICATE_METHOD_MATCH = YES;
				COPY_PHASE_STRIP = NO;
				DEBUG_INFORMATION_FORMAT = dwarf;
				ENABLE_STRICT_OBJC_MSGSEND = YES;
				ENABLE_TESTABILITY = YES;
				ENABLE_USER_SCRIPT_SANDBOXING = YES;
				GCC_C_LANGUAGE_STANDARD = gnu17;
				GCC_DYNAMIC_NO_PIC = NO;
				GCC_NO_COMMON_BLOCKS = YES;
				GCC_OPTIMIZATION_LEVEL = 0;
				GCC_PREPROCESSOR_DEFINITIONS = (
					"DEBUG=1",
					"$(inherited)",
				);
				GCC_WARN_64_TO_32_BIT_CONVERSION = YES;
				GCC_WARN_ABOUT_RETURN_TYPE = YES_ERROR;
				GCC_WARN_UNDECLARED_SELECTOR = YES;
				GCC_WARN_UNINITIALIZED_AUTOS = YES_AGGRESSIVE;
				GCC_WARN_UNUSED_FUNCTION = YES;
				GCC_WARN_UNUSED_VARIABLE = YES;
				LOCALIZATION_PREFERS_STRING_CATALOGS = YES;
				MACOSX_DEPLOYMENT_TARGET = 13.0;
				MTL_ENABLE_DEBUG_INFO = INCLUDE_SOURCE;
				MTL_FAST_MATH = YES;
				ONLY_ACTIVE_ARCH = YES;
				SDKROOT = macosx;
				SWIFT_ACTIVE_COMPILATION_CONDITIONS = "DEBUG $(inherited)";
				SWIFT_OPTIMIZATION_LEVEL = "-Onone";
			};
			name = Debug;
		};
		1A00000A294A0000001234567 /* Release */ = {
			isa = XCBuildConfiguration;
			buildSettings = {
				ALWAYS_SEARCH_USER_PATHS = NO;
				ASSETCATALOG_COMPILER_GENERATE_SWIFT_ASSET_SYMBOL_EXTENSIONS = YES;
				CLANG_ANALYZER_NONNULL = YES;
				CLANG_ANALYZER_NUMBER_OBJECT_CONVERSION = YES_AGGRESSIVE;
				CLANG_CXX_LANGUAGE_STANDARD = "gnu++20";
				CLANG_ENABLE_MODULES = YES;
				CLANG_ENABLE_OBJC_ARC = YES;
				CLANG_ENABLE_OBJC_WEAK = YES;
				CLANG_WARN_BLOCK_CAPTURE_AUTORELEASING = YES;
				CLANG_WARN_BOOL_CONVERSION = YES;
				CLANG_WARN_COMMA = YES;
				CLANG_WARN_CONSTANT_CONVERSION = YES;
				CLANG_WARN_DEPRECATED_OBJC_IMPLEMENTATIONS = YES;
				CLANG_WARN_DIRECT_OBJC_ISA_USAGE = YES_ERROR;
				CLANG_WARN_DOCUMENTATION_COMMENTS = YES;
				CLANG_WARN_EMPTY_BODY = YES;
				CLANG_WARN_ENUM_CONVERSION = YES;
				CLANG_WARN_INFINITE_RECURSION = YES;
				CLANG_WARN_INT_CONVERSION = YES;
				CLANG_WARN_NON_LITERAL_NULL_CONVERSION = YES;
				CLANG_WARN_OBJC_IMPLICIT_RETAIN_SELF = YES;
				CLANG_WARN_OBJC_LITERAL_CONVERSION = YES;
				CLANG_WARN_OBJC_ROOT_CLASS = YES_ERROR;
				CLANG_WARN_QUOTED_INCLUDE_IN_FRAMEWORK_HEADER = YES;
				CLANG_WARN_RANGE_LOOP_ANALYSIS = YES;
				CLANG_WARN_STRICT_PROTOTYPES = YES;
				CLANG_WARN_SUSPICIOUS_MOVE = YES;
				CLANG_WARN_UNGUARDED_AVAILABILITY = YES_AGGRESSIVE;
				CLANG_WARN_UNREACHABLE_CODE = YES;
				CLANG_WARN__DUPLICATE_METHOD_MATCH = YES;
				COPY_PHASE_STRIP = NO;
				DEBUG_INFORMATION_FORMAT = "dwarf-with-dsym";
				ENABLE_NS_ASSERTIONS = NO;
				ENABLE_STRICT_OBJC_MSGSEND = YES;
				ENABLE_USER_SCRIPT_SANDBOXING = YES;
				GCC_C_LANGUAGE_STANDARD = gnu17;
				GCC_NO_COMMON_BLOCKS = YES;
				GCC_WARN_64_TO_32_BIT_CONVERSION = YES;
				GCC_WARN_ABOUT_RETURN_TYPE = YES_ERROR;
				GCC_WARN_UNDECLARED_SELECTOR = YES;
				GCC_WARN_UNINITIALIZED_AUTOS = YES_AGGRESSIVE;
				GCC_WARN_UNUSED_FUNCTION = YES;
				GCC_WARN_UNUSED_VARIABLE = YES;
				LOCALIZATION_PREFERS_STRING_CATALOGS = YES;
				MACOSX_DEPLOYMENT_TARGET = 13.0;
				MTL_ENABLE_DEBUG_INFO = NO;
				MTL_FAST_MATH = YES;
				SDKROOT = macosx;
				SWIFT_COMPILATION_MODE = wholemodule;
			};
			name = Release;
		};
		1A00000C294A0000001234567 /* Debug */ = {
			isa = XCBuildConfiguration;
			buildSettings = {
				ASSETCATALOG_COMPILER_APPICON_NAME = AppIcon;
				ASSETCATALOG_COMPILER_GLOBAL_ACCENT_COLOR_NAME = AccentColor;
				CODE_SIGN_ENTITLEMENTS = Sam/Sam.entitlements;
				CODE_SIGN_STYLE = Automatic;
				COMBINE_HIDPI_IMAGES = YES;
				CURRENT_PROJECT_VERSION = 1;
				DEVELOPMENT_ASSET_PATHS = "\"Sam/Preview Content\"";
				DEVELOPMENT_TEAM = "";
				ENABLE_HARDENED_RUNTIME = YES;
				ENABLE_PREVIEWS = YES;
				GENERATE_INFOPLIST_FILE = NO;
				INFOPLIST_FILE = Sam/Info.plist;
				INFOPLIST_KEY_CFBundleDisplayName = "Sam AI Assistant";
				INFOPLIST_KEY_LSApplicationCategoryType = "public.app-category.productivity";
				INFOPLIST_KEY_NSHumanReadableCopyright = "";
				LD_RUNPATH_SEARCH_PATHS = (
					"$(inherited)",
					"@executable_path/../Frameworks",
				);
				MARKETING_VERSION = 1.0;
				PRODUCT_BUNDLE_IDENTIFIER = com.samassistant.Sam;
				PRODUCT_NAME = "$(TARGET_NAME)";
				SWIFT_EMIT_LOC_STRINGS = YES;
				SWIFT_VERSION = 5.0;
			};
			name = Debug;
		};
		1A00000D294A0000001234567 /* Release */ = {
			isa = XCBuildConfiguration;
			buildSettings = {
				ASSETCATALOG_COMPILER_APPICON_NAME = AppIcon;
				ASSETCATALOG_COMPILER_GLOBAL_ACCENT_COLOR_NAME = AccentColor;
				CODE_SIGN_ENTITLEMENTS = Sam/Sam.entitlements;
				CODE_SIGN_STYLE = Automatic;
				COMBINE_HIDPI_IMAGES = YES;
				CURRENT_PROJECT_VERSION = 1;
				DEVELOPMENT_ASSET_PATHS = "\"Sam/Preview Content\"";
				DEVELOPMENT_TEAM = "";
				ENABLE_HARDENED_RUNTIME = YES;
				ENABLE_PREVIEWS = YES;
				GENERATE_INFOPLIST_FILE = NO;
				INFOPLIST_FILE = Sam/Info.plist;
				INFOPLIST_KEY_CFBundleDisplayName = "Sam AI Assistant";
				INFOPLIST_KEY_LSApplicationCategoryType = "public.app-category.productivity";
				INFOPLIST_KEY_NSHumanReadableCopyright = "";
				LD_RUNPATH_SEARCH_PATHS = (
					"$(inherited)",
					"@executable_path/../Frameworks",
				);
				MARKETING_VERSION = 1.0;
				PRODUCT_BUNDLE_IDENTIFIER = com.samassistant.Sam;
				PRODUCT_NAME = "$(TARGET_NAME)";
				SWIFT_EMIT_LOC_STRINGS = YES;
				SWIFT_VERSION = 5.0;
			};
			name = Release;
		};
/* End XCBuildConfiguration section */

/* Begin XCConfigurationList section */
		1AFFFFFD294A0000001234567 /* Build configuration list for PBXProject "Sam" */ = {
			isa = XCConfigurationList;
			buildConfigurations = (
				1A000009294A0000001234567 /* Debug */,
				1A00000A294A0000001234567 /* Release */,
			);
			defaultConfigurationIsVisible = 0;
			defaultConfigurationName = Release;
		};
		1A00000B294A0000001234567 /* Build configuration list for PBXNativeTarget "Sam" */ = {
			isa = XCConfigurationList;
			buildConfigurations = (
				1A00000C294A0000001234567 /* Debug */,
				1A00000D294A0000001234567 /* Release */,
			);
			defaultConfigurationIsVisible = 0;
			defaultConfigurationName = Release;
		};
/* End XCConfigurationList section */
	};
	rootObject = 1AFFFFFA294A0000001234567 /* Project object */;
}